{
  "originHash" : "5dcf44f779b7df9d79852f641d66ad69918e429cb6ef54a73e060fb581475940",
  "pins" : [
    {
      "identity" : "logmacro",
      "kind" : "remoteSourceControl",
      "location" : "https://github.com/Roy-wonji/LogMacro.git",
      "state" : {
        "revision" : "18931fb003bf37e67981ca2a9caca5cb625ee7f9",
        "version" : "1.0.7"
      }
    },
    {
      "identity" : "swift-docc-plugin",
      "kind" : "remoteSourceControl",
      "location" : "https://github.com/apple/swift-docc-plugin.git",
      "state" : {
        "revision" : "d1691545d53581400b1de9b0472d45eb25c19fed",
        "version" : "1.4.4"
      }
    },
    {
      "identity" : "swift-docc-symbolkit",
      "kind" : "remoteSourceControl",
      "location" : "https://github.com/swiftlang/swift-docc-symbolkit",
      "state" : {
        "revision" : "b45d1f2ed151d057b54504d653e0da5552844e34",
        "version" : "1.0.0"
      }
    },
    {
      "identity" : "swift-syntax",
      "kind" : "remoteSourceControl",
      "location" : "https://github.com/apple/swift-syntax.git",
      "state" : {
        "revision" : "cb53fa1bd3219b0b23ded7dfdd3b2baff266fd25",
        "version" : "600.0.0"
      }
    }
  ],
  "version" : 3
}
